// !$*UTF8*$!
{
	archiveVersion = 1;
	classes = {
	};
	objectVersion = 56;
	objects = {

/* Begin PBXBuildFile section */
		CF62D7BE2A78134D00E84B4F /* AppDelegate.swift in Sources */ = {isa = PBXBuildFile; fileRef = CF62D7BD2A78134D00E84B4F /* AppDelegate.swift */; };
		CF62D7C02A78134D00E84B4F /* SceneDelegate.swift in Sources */ = {isa = PBXBuildFile; fileRef = CF62D7BF2A78134D00E84B4F /* SceneDelegate.swift */; };
		CF62D7C22A78134D00E84B4F /* ViewController.swift in Sources */ = {isa = PBXBuildFile; fileRef = CF62D7C12A78134D00E84B4F /* ViewController.swift */; };
		CF62D7C52A78134D00E84B4F /* Main.storyboard in Resources */ = {isa = PBXBuildFile; fileRef = CF62D7C32A78134D00E84B4F /* Main.storyboard */; };
		CF62D7CA2A78134E00E84B4F /* Assets.xcassets in Resources */ = {isa = PBXBuildFile; fileRef = CF62D7C92A78134E00E84B4F /* Assets.xcassets */; };
		CF62D7CD2A78134E00E84B4F /* LaunchScreen.storyboard in Resources */ = {isa = PBXBuildFile; fileRef = CF62D7CB2A78134E00E84B4F /* LaunchScreen.storyboard */; };
		CF62D7D82A7814DF00E84B4F /* DBSetting.swift in Sources */ = {isa = PBXBuildFile; fileRef = CF62D7D72A7814DF00E84B4F /* DBSetting.swift */; };
		CF62D7DD2A78152D00E84B4F /* PersonelModel.swift in Sources */ = {isa = PBXBuildFile; fileRef = CF62D7DC2A78152D00E84B4F /* PersonelModel.swift */; };
/* End PBXBuildFile section */

/* Begin PBXFileReference section */
		CF62D7BA2A78134D00E84B4F /* SqliteExample.app */ = {isa = PBXFileReference; explicitFileType = wrapper.application; includeInIndex = 0; path = SqliteExample.app; sourceTree = BUILT_PRODUCTS_DIR; };
		CF62D7BD2A78134D00E84B4F /* AppDelegate.swift */ = {isa = PBXFileReference; lastKnownFileType = sourcecode.swift; path = AppDelegate.swift; sourceTree = "<group>"; };
		CF62D7BF2A78134D00E84B4F /* SceneDelegate.swift */ = {isa = PBXFileReference; lastKnownFileType = sourcecode.swift; path = SceneDelegate.swift; sourceTree = "<group>"; };
		CF62D7C12A78134D00E84B4F /* ViewController.swift */ = {isa = PBXFileReference; lastKnownFileType = sourcecode.swift; path = ViewController.swift; sourceTree = "<group>"; };
		CF62D7C42A78134D00E84B4F /* Base */ = {isa = PBXFileReference; lastKnownFileType = file.storyboard; name = Base; path = Base.lproj/Main.storyboard; sourceTree = "<group>"; };
		CF62D7C92A78134E00E84B4F /* Assets.xcassets */ = {isa = PBXFileReference; lastKnownFileType = folder.assetcatalog; path = Assets.xcassets; sourceTree = "<group>"; };
		CF62D7CC2A78134E00E84B4F /* Base */ = {isa = PBXFileReference; lastKnownFileType = file.storyboard; name = Base; path = Base.lproj/LaunchScreen.storyboard; sourceTree = "<group>"; };
		CF62D7CE2A78134E00E84B4F /* Info.plist */ = {isa = PBXFileReference; lastKnownFileType = text.plist.xml; path = Info.plist; sourceTree = "<group>"; };
		CF62D7D72A7814DF00E84B4F /* DBSetting.swift */ = {isa = PBXFileReference; lastKnownFileType = sourcecode.swift; path = DBSetting.swift; sourceTree = "<group>"; };
		CF62D7DC2A78152D00E84B4F /* PersonelModel.swift */ = {isa = PBXFileReference; lastKnownFileType = sourcecode.swift; path = PersonelModel.swift; sourceTree = "<group>"; };
/* End PBXFileReference section */

/* Begin PBXFrameworksBuildPhase section */
		CF62D7B72A78134D00E84B4F /* Frameworks */ = {
			isa = PBXFrameworksBuildPhase;
			buildActionMask = 2147483647;
			files = (
			);
			runOnlyForDeploymentPostprocessing = 0;
		};
/* End PBXFrameworksBuildPhase section */

/* Begin PBXGroup section */
		CF62D7B12A78134D00E84B4F = {
			isa = PBXGroup;
			children = (
				CF62D7BC2A78134D00E84B4F /* SqliteExample */,
				CF62D7BB2A78134D00E84B4F /* Products */,
			);
			sourceTree = "<group>";
		};
		CF62D7BB2A78134D00E84B4F /* Products */ = {
			isa = PBXGroup;
			children = (
				CF62D7BA2A78134D00E84B4F /* SqliteExample.app */,
			);
			name = Products;
			sourceTree = "<group>";
		};
		CF62D7BC2A78134D00E84B4F /* SqliteExample */ = {
			isa = PBXGroup;
			children = (
				CF62D7D62A78145000E84B4F /* DBSettings */,
				CF62D7DB2A78151400E84B4F /* DBModel */,
				CF62D7DE2A78154500E84B4F /* Controller */,
				CF62D7D42A78140A00E84B4F /* App */,
				CF62D7D52A78142000E84B4F /* Support */,
			);
			path = SqliteExample;
			sourceTree = "<group>";
		};
		CF62D7D42A78140A00E84B4F /* App */ = {
			isa = PBXGroup;
			children = (
				CF62D7BD2A78134D00E84B4F /* AppDelegate.swift */,
				CF62D7BF2A78134D00E84B4F /* SceneDelegate.swift */,
			);
			path = App;
			sourceTree = "<group>";
		};
		CF62D7D52A78142000E84B4F /* Support */ = {
			isa = PBXGroup;
			children = (
				CF62D7C32A78134D00E84B4F /* Main.storyboard */,
				CF62D7C92A78134E00E84B4F /* Assets.xcassets */,
				CF62D7CB2A78134E00E84B4F /* LaunchScreen.storyboard */,
				CF62D7CE2A78134E00E84B4F /* Info.plist */,
			);
			path = Support;
			sourceTree = "<group>";
		};
		CF62D7D62A78145000E84B4F /* DBSettings */ = {
			isa = PBXGroup;
			children = (
				CF62D7D72A7814DF00E84B4F /* DBSetting.swift */,
			);
			path = DBSettings;
			sourceTree = "<group>";
		};
		CF62D7DB2A78151400E84B4F /* DBModel */ = {
			isa = PBXGroup;
			children = (
				CF62D7DC2A78152D00E84B4F /* PersonelModel.swift */,
			);
			path = DBModel;
			sourceTree = "<group>";
		};
		CF62D7DE2A78154500E84B4F /* Controller */ = {
			isa = PBXGroup;
			children = (
				CF62D7C12A78134D00E84B4F /* ViewController.swift */,
			);
			path = Controller;
			sourceTree = "<group>";
		};
/* End PBXGroup section */

/* Begin PBXNativeTarget section */
		CF62D7B92A78134D00E84B4F /* SqliteExample */ = {
			isa = PBXNativeTarget;
			buildConfigurationList = CF62D7D12A78134E00E84B4F /* Build configuration list for PBXNativeTarget "SqliteExample" */;
			buildPhases = (
				CF62D7B62A78134D00E84B4F /* Sources */,
				CF62D7B72A78134D00E84B4F /* Frameworks */,
				CF62D7B82A78134D00E84B4F /* Resources */,
			);
			buildRules = (
			);
			dependencies = (
			);
			name = SqliteExample;
			productName = SqliteExample;
			productReference = CF62D7BA2A78134D00E84B4F /* SqliteExample.app */;
			productType = "com.apple.product-type.application";
		};
/* End PBXNativeTarget section */

/* Begin PBXProject section */
		CF62D7B22A78134D00E84B4F /* Project object */ = {
			isa = PBXProject;
			attributes = {
				BuildIndependentTargetsInParallel = 1;
				LastSwiftUpdateCheck = 1430;
				LastUpgradeCheck = 1430;
				TargetAttributes = {
					CF62D7B92A78134D00E84B4F = {
						CreatedOnToolsVersion = 14.3.1;
					};
				};
			};
			buildConfigurationList = CF62D7B52A78134D00E84B4F /* Build configuration list for PBXProject "SqliteExample" */;
			compatibilityVersion = "Xcode 14.0";
			developmentRegion = en;
			hasScannedForEncodings = 0;
			knownRegions = (
				en,
				Base,
			);
			mainGroup = CF62D7B12A78134D00E84B4F;
			productRefGroup = CF62D7BB2A78134D00E84B4F /* Products */;
			projectDirPath = "";
			projectRoot = "";
			targets = (
				CF62D7B92A78134D00E84B4F /* SqliteExample */,
			);
		};
/* End PBXProject section */

/* Begin PBXResourcesBuildPhase section */
		CF62D7B82A78134D00E84B4F /* Resources */ = {
			isa = PBXResourcesBuildPhase;
			buildActionMask = 2147483647;
			files = (
				CF62D7CD2A78134E00E84B4F /* LaunchScreen.storyboard in Resources */,
				CF62D7CA2A78134E00E84B4F /* Assets.xcassets in Resources */,
				CF62D7C52A78134D00E84B4F /* Main.storyboard in Resources */,
			);
			runOnlyForDeploymentPostprocessing = 0;
		};
/* End PBXResourcesBuildPhase section */

/* Begin PBXSourcesBuildPhase section */
		CF62D7B62A78134D00E84B4F /* Sources */ = {
			isa = PBXSourcesBuildPhase;
			buildActionMask = 2147483647;
			files = (
				CF62D7DD2A78152D00E84B4F /* PersonelModel.swift in Sources */,
				CF62D7C22A78134D00E84B4F /* ViewController.swift in Sources */,
				CF62D7BE2A78134D00E84B4F /* AppDelegate.swift in Sources */,
				CF62D7D82A7814DF00E84B4F /* DBSetting.swift in Sources */,
				CF62D7C02A78134D00E84B4F /* SceneDelegate.swift in Sources */,
			);
			runOnlyForDeploymentPostprocessing = 0;
		};
/* End PBXSourcesBuildPhase section */

/* Begin PBXVariantGroup section */
		CF62D7C32A78134D00E84B4F /* Main.storyboard */ = {
			isa = PBXVariantGroup;
			children = (
				CF62D7C42A78134D00E84B4F /* Base */,
			);
			name = Main.storyboard;
			sourceTree = "<group>";
		};
		CF62D7CB2A78134E00E84B4F /* LaunchScreen.storyboard */ = {
			isa = PBXVariantGroup;
			children = (
				CF62D7CC2A78134E00E84B4F /* Base */,
			);
			name = LaunchScreen.storyboard;
			sourceTree = "<group>";
		};
/* End PBXVariantGroup section */

/* Begin XCBuildConfiguration section */
		CF62D7CF2A78134E00E84B4F /* Debug */ = {
			isa = XCBuildConfiguration;
			buildSettings = {
				ALWAYS_SEARCH_USER_PATHS = NO;
				CLANG_ANALYZER_NONNULL = YES;
				CLANG_ANALYZER_NUMBER_OBJECT_CONVERSION = YES_AGGRESSIVE;
				CLANG_CXX_LANGUAGE_STANDARD = "gnu++20";
				CLANG_ENABLE_MODULES = YES;
				CLANG_ENABLE_OBJC_ARC = YES;
				CLANG_ENABLE_OBJC_WEAK = YES;
				CLANG_WARN_BLOCK_CAPTURE_AUTORELEASING = YES;
				CLANG_WARN_BOOL_CONVERSION = YES;
				CLANG_WARN_COMMA = YES;
				CLANG_WARN_CONSTANT_CONVERSION = YES;
				CLANG_WARN_DEPRECATED_OBJC_IMPLEMENTATIONS = YES;
				CLANG_WARN_DIRECT_OBJC_ISA_USAGE = YES_ERROR;
				CLANG_WARN_DOCUMENTATION_COMMENTS = YES;
				CLANG_WARN_EMPTY_BODY = YES;
				CLANG_WARN_ENUM_CONVERSION = YES;
				CLANG_WARN_INFINITE_RECURSION = YES;
				CLANG_WARN_INT_CONVERSION = YES;
				CLANG_WARN_NON_LITERAL_NULL_CONVERSION = YES;
				CLANG_WARN_OBJC_IMPLICIT_RETAIN_SELF = YES;
				CLANG_WARN_OBJC_LITERAL_CONVERSION = YES;
				CLANG_WARN_OBJC_ROOT_CLASS = YES_ERROR;
				CLANG_WARN_QUOTED_INCLUDE_IN_FRAMEWORK_HEADER = YES;
				CLANG_WARN_RANGE_LOOP_ANALYSIS = YES;
				CLANG_WARN_STRICT_PROTOTYPES = YES;
				CLANG_WARN_SUSPICIOUS_MOVE = YES;
				CLANG_WARN_UNGUARDED_AVAILABILITY = YES_AGGRESSIVE;
				CLANG_WARN_UNREACHABLE_CODE = YES;
				CLANG_WARN__DUPLICATE_METHOD_MATCH = YES;
				COPY_PHASE_STRIP = NO;
				DEBUG_INFORMATION_FORMAT = dwarf;
				ENABLE_STRICT_OBJC_MSGSEND = YES;
				ENABLE_TESTABILITY = YES;
				GCC_C_LANGUAGE_STANDARD = gnu11;
				GCC_DYNAMIC_NO_PIC = NO;
				GCC_NO_COMMON_BLOCKS = YES;
				GCC_OPTIMIZATION_LEVEL = 0;
				GCC_PREPROCESSOR_DEFINITIONS = (
					"DEBUG=1",
					"$(inherited)",
				);
				GCC_WARN_64_TO_32_BIT_CONVERSION = YES;
				GCC_WARN_ABOUT_RETURN_TYPE = YES_ERROR;
				GCC_WARN_UNDECLARED_SELECTOR = YES;
				GCC_WARN_UNINITIALIZED_AUTOS = YES_AGGRESSIVE;
				GCC_WARN_UNUSED_FUNCTION = YES;
				GCC_WARN_UNUSED_VARIABLE = YES;
				IPHONEOS_DEPLOYMENT_TARGET = 16.4;
				MTL_ENABLE_DEBUG_INFO = INCLUDE_SOURCE;
				MTL_FAST_MATH = YES;
				ONLY_ACTIVE_ARCH = YES;
				SDKROOT = iphoneos;
				SWIFT_ACTIVE_COMPILATION_CONDITIONS = DEBUG;
				SWIFT_OPTIMIZATION_LEVEL = "-Onone";
			};
			name = Debug;
		};
		CF62D7D02A78134E00E84B4F /* Release */ = {
			isa = XCBuildConfiguration;
			buildSettings = {
				ALWAYS_SEARCH_USER_PATHS = NO;
				CLANG_ANALYZER_NONNULL = YES;
				CLANG_ANALYZER_NUMBER_OBJECT_CONVERSION = YES_AGGRESSIVE;
				CLANG_CXX_LANGUAGE_STANDARD = "gnu++20";
				CLANG_ENABLE_MODULES = YES;
				CLANG_ENABLE_OBJC_ARC = YES;
				CLANG_ENABLE_OBJC_WEAK = YES;
				CLANG_WARN_BLOCK_CAPTURE_AUTORELEASING = YES;
				CLANG_WARN_BOOL_CONVERSION = YES;
				CLANG_WARN_COMMA = YES;
				CLANG_WARN_CONSTANT_CONVERSION = YES;
				CLANG_WARN_DEPRECATED_OBJC_IMPLEMENTATIONS = YES;
				CLANG_WARN_DIRECT_OBJC_ISA_USAGE = YES_ERROR;
				CLANG_WARN_DOCUMENTATION_COMMENTS = YES;
				CLANG_WARN_EMPTY_BODY = YES;
				CLANG_WARN_ENUM_CONVERSION = YES;
				CLANG_WARN_INFINITE_RECURSION = YES;
				CLANG_WARN_INT_CONVERSION = YES;
				CLANG_WARN_NON_LITERAL_NULL_CONVERSION = YES;
				CLANG_WARN_OBJC_IMPLICIT_RETAIN_SELF = YES;
				CLANG_WARN_OBJC_LITERAL_CONVERSION = YES;
				CLANG_WARN_OBJC_ROOT_CLASS = YES_ERROR;
				CLANG_WARN_QUOTED_INCLUDE_IN_FRAMEWORK_HEADER = YES;
				CLANG_WARN_RANGE_LOOP_ANALYSIS = YES;
				CLANG_WARN_STRICT_PROTOTYPES = YES;
				CLANG_WARN_SUSPICIOUS_MOVE = YES;
				CLANG_WARN_UNGUARDED_AVAILABILITY = YES_AGGRESSIVE;
				CLANG_WARN_UNREACHABLE_CODE = YES;
				CLANG_WARN__DUPLICATE_METHOD_MATCH = YES;
				COPY_PHASE_STRIP = NO;
				DEBUG_INFORMATION_FORMAT = "dwarf-with-dsym";
				ENABLE_NS_ASSERTIONS = NO;
				ENABLE_STRICT_OBJC_MSGSEND = YES;
				GCC_C_LANGUAGE_STANDARD = gnu11;
				GCC_NO_COMMON_BLOCKS = YES;
				GCC_WARN_64_TO_32_BIT_CONVERSION = YES;
				GCC_WARN_ABOUT_RETURN_TYPE = YES_ERROR;
				GCC_WARN_UNDECLARED_SELECTOR = YES;
				GCC_WARN_UNINITIALIZED_AUTOS = YES_AGGRESSIVE;
				GCC_WARN_UNUSED_FUNCTION = YES;
				GCC_WARN_UNUSED_VARIABLE = YES;
				IPHONEOS_DEPLOYMENT_TARGET = 16.4;
				MTL_ENABLE_DEBUG_INFO = NO;
				MTL_FAST_MATH = YES;
				SDKROOT = iphoneos;
				SWIFT_COMPILATION_MODE = wholemodule;
				SWIFT_OPTIMIZATION_LEVEL = "-O";
				VALIDATE_PRODUCT = YES;
			};
			name = Release;
		};
		CF62D7D22A78134E00E84B4F /* Debug */ = {
			isa = XCBuildConfiguration;
			buildSettings = {
				ASSETCATALOG_COMPILER_APPICON_NAME = AppIcon;
				ASSETCATALOG_COMPILER_GLOBAL_ACCENT_COLOR_NAME = AccentColor;
				CODE_SIGN_STYLE = Automatic;
				CURRENT_PROJECT_VERSION = 1;
				DEVELOPMENT_TEAM = 3Y4C888F3L;
				GENERATE_INFOPLIST_FILE = YES;
				INFOPLIST_FILE = SqliteExample/Support/Info.plist;
				INFOPLIST_KEY_UIApplicationSupportsIndirectInputEvents = YES;
				INFOPLIST_KEY_UILaunchStoryboardName = LaunchScreen;
				INFOPLIST_KEY_UIMainStoryboardFile = Main;
				INFOPLIST_KEY_UISupportedInterfaceOrientations_iPad = "UIInterfaceOrientationPortrait UIInterfaceOrientationPortraitUpsideDown UIInterfaceOrientationLandscapeLeft UIInterfaceOrientationLandscapeRight";
				INFOPLIST_KEY_UISupportedInterfaceOrientations_iPhone = "UIInterfaceOrientationPortrait UIInterfaceOrientationLandscapeLeft UIInterfaceOrientationLandscapeRight";
				LD_RUNPATH_SEARCH_PATHS = (
					"$(inherited)",
					"@executable_path/Frameworks",
				);
				MARKETING_VERSION = 1.0;
				PRODUCT_BUNDLE_IDENTIFIER = com.kursatakyurek.SqliteExample;
				PRODUCT_NAME = "$(TARGET_NAME)";
				SWIFT_EMIT_LOC_STRINGS = YES;
				SWIFT_VERSION = 5.0;
				TARGETED_DEVICE_FAMILY = "1,2";
			};
			name = Debug;
		};
		CF62D7D32A78134E00E84B4F /* Release */ = {
			isa = XCBuildConfiguration;
			buildSettings = {
				ASSETCATALOG_COMPILER_APPICON_NAME = AppIcon;
				ASSETCATALOG_COMPILER_GLOBAL_ACCENT_COLOR_NAME = AccentColor;
				CODE_SIGN_STYLE = Automatic;
				CURRENT_PROJECT_VERSION = 1;
				DEVELOPMENT_TEAM = 3Y4C888F3L;
				GENERATE_INFOPLIST_FILE = YES;
				INFOPLIST_FILE = SqliteExample/Support/Info.plist;
				INFOPLIST_KEY_UIApplicationSupportsIndirectInputEvents = YES;
				INFOPLIST_KEY_UILaunchStoryboardName = LaunchScreen;
				INFOPLIST_KEY_UIMainStoryboardFile = Main;
				INFOPLIST_KEY_UISupportedInterfaceOrientations_iPad = "UIInterfaceOrientationPortrait UIInterfaceOrientationPortraitUpsideDown UIInterfaceOrientationLandscapeLeft UIInterfaceOrientationLandscapeRight";
				INFOPLIST_KEY_UISupportedInterfaceOrientations_iPhone = "UIInterfaceOrientationPortrait UIInterfaceOrientationLandscapeLeft UIInterfaceOrientationLandscapeRight";
				LD_RUNPATH_SEARCH_PATHS = (
					"$(inherited)",
					"@executable_path/Frameworks",
				);
				MARKETING_VERSION = 1.0;
				PRODUCT_BUNDLE_IDENTIFIER = com.kursatakyurek.SqliteExample;
				PRODUCT_NAME = "$(TARGET_NAME)";
				SWIFT_EMIT_LOC_STRINGS = YES;
				SWIFT_VERSION = 5.0;
				TARGETED_DEVICE_FAMILY = "1,2";
			};
			name = Release;
		};
/* End XCBuildConfiguration section */

/* Begin XCConfigurationList section */
		CF62D7B52A78134D00E84B4F /* Build configuration list for PBXProject "SqliteExample" */ = {
			isa = XCConfigurationList;
			buildConfigurations = (
				CF62D7CF2A78134E00E84B4F /* Debug */,
				CF62D7D02A78134E00E84B4F /* Release */,
			);
			defaultConfigurationIsVisible = 0;
			defaultConfigurationName = Release;
		};
		CF62D7D12A78134E00E84B4F /* Build configuration list for PBXNativeTarget "SqliteExample" */ = {
			isa = XCConfigurationList;
			buildConfigurations = (
				CF62D7D22A78134E00E84B4F /* Debug */,
				CF62D7D32A78134E00E84B4F /* Release */,
			);
			defaultConfigurationIsVisible = 0;
			defaultConfigurationName = Release;
		};
/* End XCConfigurationList section */
	};
	rootObject = CF62D7B22A78134D00E84B4F /* Project object */;
}
